{
  "name": "slides",
  "version": "1.0.0",
  "lockfileVersion": 1,
  "requires": true,
  "dependencies": {
    "markdown-to-slides": {
      "version": "1.0.5",
      "resolved": "https://registry.npmjs.org/markdown-to-slides/-/markdown-to-slides-1.0.5.tgz",
      "integrity": "sha1-Zpm9MaHPUYmrjgTC9NzYPB7xhfA=",
      "requires": {
        "marked": "^0.3.2",
        "marked-to-md": "1.0.x",
        "mustache": "2.1.x",
        "optimist": "~0.3.4",
        "remark": "git://github.com/gnab/remark.git#a6fdde973b965c1e1a5e6d93645096f71f96a05b"
      }
    },
    "marked": {
      "version": "0.3.19",
      "resolved": "https://registry.npmjs.org/marked/-/marked-0.3.19.tgz",
      "integrity": "sha512-ea2eGWOqNxPcXv8dyERdSr/6FmzvWwzjMxpfGB/sbMccXoct+xY+YukPD+QTUZwyvK7BZwcr4m21WBOW41pAkg=="
    },
    "marked-to-md": {
      "version": "1.0.1",
      "resolved": "https://registry.npmjs.org/marked-to-md/-/marked-to-md-1.0.1.tgz",
      "integrity": "sha1-hkyssC8/CpJRDFOo1foeFKzQml8="
    },
    "mustache": {
      "version": "2.1.3",
      "resolved": "https://registry.npmjs.org/mustache/-/mustache-2.1.3.tgz",
      "integrity": "sha1-JbkLQgSkVMiY6LsuONJt4iOrvVY="
    },
    "optimist": {
      "version": "0.3.7",
      "resolved": "https://registry.npmjs.org/optimist/-/optimist-0.3.7.tgz",
      "integrity": "sha1-yQlBrVnkJzMokjB00s8ufLxuwNk=",
      "requires": {
        "wordwrap": "~0.0.2"
      }
    },
    "remark": {
      "version": "git://github.com/gnab/remark.git#a6fdde973b965c1e1a5e6d93645096f71f96a05b",
      "from": "git://github.com/gnab/remark.git#v0.13.0",
      "requires": {
        "marked": "0.3.1"
      },
      "dependencies": {
        "marked": {
          "version": "0.3.1",
          "resolved": "https://registry.npmjs.org/marked/-/marked-0.3.1.tgz",
          "integrity": "sha1-FWo7gDzFTFkpDmA1S4O6qn1mwHQ="
        }
      }
    },
    "wordwrap": {
      "version": "0.0.3",
      "resolved": "https://registry.npmjs.org/wordwrap/-/wordwrap-0.0.3.tgz",
      "integrity": "sha1-o9XabNXAvAAI03I0u68b7WMFkQc="
    }
  }
}
